
Microsoft Visual Studio Solution File, Format Version 12.00
# Visual Studio Version 17
VisualStudioVersion = 17.14.36518.9 d17.14
MinimumVisualStudioVersion = 10.0.40219.1
Project("{FAE04EC0-301F-11D3-BF4B-00C04F79EFBC}") = "Polllyakk.TastPlanner", "Polllyakk.TastPlanner\Polllyakk.TastPlanner.csproj", "{9DAAF9B6-A6D7-4527-9B66-6E8E9FFD19B4}"
EndProject
Project("{FAE04EC0-301F-11D3-BF4B-00C04F79EFBC}") = "Polllyakk.TaskPlanner.Domain.Models", "Polllyakk.TaskPlanner.Domain.Models\Polllyakk.TaskPlanner.Domain.Models.csproj", "{27836A8D-139E-43E5-A9FE-85FCCD47C28E}"
EndProject
Project("{FAE04EC0-301F-11D3-BF4B-00C04F79EFBC}") = "Polllyakk.TaskPlanner.Domain.Logic", "Polllyakk.TaskPlanner.Domain.Logic\Polllyakk.TaskPlanner.Domain.Logic.csproj", "{D5216DC5-6135-4550-8DE2-21FF9D255A8E}"
EndProject
Global
	GlobalSection(SolutionConfigurationPlatforms) = preSolution
		Debug|Any CPU = Debug|Any CPU
		Release|Any CPU = Release|Any CPU
	EndGlobalSection
	GlobalSection(ProjectConfigurationPlatforms) = postSolution
		{9DAAF9B6-A6D7-4527-9B66-6E8E9FFD19B4}.Debug|Any CPU.ActiveCfg = Debug|Any CPU
		{9DAAF9B6-A6D7-4527-9B66-6E8E9FFD19B4}.Debug|Any CPU.Build.0 = Debug|Any CPU
		{9DAAF9B6-A6D7-4527-9B66-6E8E9FFD19B4}.Release|Any CPU.ActiveCfg = Release|Any CPU
		{9DAAF9B6-A6D7-4527-9B66-6E8E9FFD19B4}.Release|Any CPU.Build.0 = Release|Any CPU
		{27836A8D-139E-43E5-A9FE-85FCCD47C28E}.Debug|Any CPU.ActiveCfg = Debug|Any CPU
		{27836A8D-139E-43E5-A9FE-85FCCD47C28E}.Debug|Any CPU.Build.0 = Debug|Any CPU
		{27836A8D-139E-43E5-A9FE-85FCCD47C28E}.Release|Any CPU.ActiveCfg = Release|Any CPU
		{27836A8D-139E-43E5-A9FE-85FCCD47C28E}.Release|Any CPU.Build.0 = Release|Any CPU
		{D5216DC5-6135-4550-8DE2-21FF9D255A8E}.Debug|Any CPU.ActiveCfg = Debug|Any CPU
		{D5216DC5-6135-4550-8DE2-21FF9D255A8E}.Debug|Any CPU.Build.0 = Debug|Any CPU
		{D5216DC5-6135-4550-8DE2-21FF9D255A8E}.Release|Any CPU.ActiveCfg = Release|Any CPU
		{D5216DC5-6135-4550-8DE2-21FF9D255A8E}.Release|Any CPU.Build.0 = Release|Any CPU
	EndGlobalSection
	GlobalSection(SolutionProperties) = preSolution
		HideSolutionNode = FALSE
	EndGlobalSection
	GlobalSection(ExtensibilityGlobals) = postSolution
		SolutionGuid = {445F9D46-F2BB-4C9F-A0A1-8A893BEA2CA3}
	EndGlobalSection
EndGlobal
